
Microsoft Visual Studio Solution File, Format Version 12.00
# Visual Studio 15
VisualStudioVersion = 15.0.27130.2010
MinimumVisualStudioVersion = 10.0.40219.1
Project("{FAE04EC0-301F-11D3-BF4B-00C04F79EFBC}") = "EuroXam.Core", "src\EuroXam.Core\EuroXam.Core.csproj", "{E32013BE-CD7F-4A7F-9F5D-21A789D8F95B}"
EndProject
Project("{FAE04EC0-301F-11D3-BF4B-00C04F79EFBC}") = "EuroXam.UI", "src\EuroXam.UI\EuroXam.UI.csproj", "{9762C52A-D918-4B3E-806B-B0FB6E5B6350}"
EndProject
Project("{FAE04EC0-301F-11D3-BF4B-00C04F79EFBC}") = "EuroXam.Droid", "src\EuroXam.Droid\EuroXam.Droid.csproj", "{B2A8DD38-DAC0-48E8-8DCB-CB953FBEBBBD}"
EndProject
Project("{FAE04EC0-301F-11D3-BF4B-00C04F79EFBC}") = "EuroXam.iOS", "src\EuroXam.iOS\EuroXam.iOS.csproj", "{FD67E7B5-AEE7-4858-8774-31F6C8CC6AA4}"
EndProject
Project("{FAE04EC0-301F-11D3-BF4B-00C04F79EFBC}") = "EuroXam.UWP", "src\EuroXam.UWP\EuroXam.UWP.csproj", "{A9EF67FB-ECCF-48E8-9851-131567AA8914}"
EndProject
Project("{2150E333-8FDC-42A3-9474-1A3956D46DE8}") = "Android", "Android", "{D412148D-37AF-4CF5-96A1-BC0DC20E752B}"
EndProject
Project("{2150E333-8FDC-42A3-9474-1A3956D46DE8}") = "iOS", "iOS", "{947B960E-8A0B-4992-8C65-7319A8C855B4}"
EndProject
Project("{2150E333-8FDC-42A3-9474-1A3956D46DE8}") = "UWP", "UWP", "{B8D54D90-342B-48B0-AB0A-64A0DE11DE8E}"
EndProject
Project("{2150E333-8FDC-42A3-9474-1A3956D46DE8}") = "!Solution Items", "!Solution Items", "{3437575C-3B5A-402D-B5C4-F1A65F45C677}"
	ProjectSection(SolutionItems) = preProject
		.editorconfig = .editorconfig
	EndProjectSection
EndProject
Global
	GlobalSection(SolutionConfigurationPlatforms) = preSolution
		Debug|Any CPU = Debug|Any CPU
		Debug|ARM = Debug|ARM
		Debug|iPhone = Debug|iPhone
		Debug|iPhoneSimulator = Debug|iPhoneSimulator
		Debug|x64 = Debug|x64
		Debug|x86 = Debug|x86
		Release|Any CPU = Release|Any CPU
		Release|ARM = Release|ARM
		Release|iPhone = Release|iPhone
		Release|iPhoneSimulator = Release|iPhoneSimulator
		Release|x64 = Release|x64
		Release|x86 = Release|x86
	EndGlobalSection
	GlobalSection(ProjectConfigurationPlatforms) = postSolution
		{E32013BE-CD7F-4A7F-9F5D-21A789D8F95B}.Debug|Any CPU.ActiveCfg = Debug|Any CPU
		{E32013BE-CD7F-4A7F-9F5D-21A789D8F95B}.Debug|Any CPU.Build.0 = Debug|Any CPU
		{E32013BE-CD7F-4A7F-9F5D-21A789D8F95B}.Debug|ARM.ActiveCfg = Debug|Any CPU
		{E32013BE-CD7F-4A7F-9F5D-21A789D8F95B}.Debug|ARM.Build.0 = Debug|Any CPU
		{E32013BE-CD7F-4A7F-9F5D-21A789D8F95B}.Debug|iPhone.ActiveCfg = Debug|Any CPU
		{E32013BE-CD7F-4A7F-9F5D-21A789D8F95B}.Debug|iPhone.Build.0 = Debug|Any CPU
		{E32013BE-CD7F-4A7F-9F5D-21A789D8F95B}.Debug|iPhoneSimulator.ActiveCfg = Debug|Any CPU
		{E32013BE-CD7F-4A7F-9F5D-21A789D8F95B}.Debug|iPhoneSimulator.Build.0 = Debug|Any CPU
		{E32013BE-CD7F-4A7F-9F5D-21A789D8F95B}.Debug|x64.ActiveCfg = Debug|Any CPU
		{E32013BE-CD7F-4A7F-9F5D-21A789D8F95B}.Debug|x64.Build.0 = Debug|Any CPU
		{E32013BE-CD7F-4A7F-9F5D-21A789D8F95B}.Debug|x86.ActiveCfg = Debug|Any CPU
		{E32013BE-CD7F-4A7F-9F5D-21A789D8F95B}.Debug|x86.Build.0 = Debug|Any CPU
		{E32013BE-CD7F-4A7F-9F5D-21A789D8F95B}.Release|Any CPU.ActiveCfg = Release|Any CPU
		{E32013BE-CD7F-4A7F-9F5D-21A789D8F95B}.Release|Any CPU.Build.0 = Release|Any CPU
		{E32013BE-CD7F-4A7F-9F5D-21A789D8F95B}.Release|ARM.ActiveCfg = Release|Any CPU
		{E32013BE-CD7F-4A7F-9F5D-21A789D8F95B}.Release|ARM.Build.0 = Release|Any CPU
		{E32013BE-CD7F-4A7F-9F5D-21A789D8F95B}.Release|iPhone.ActiveCfg = Release|Any CPU
		{E32013BE-CD7F-4A7F-9F5D-21A789D8F95B}.Release|iPhone.Build.0 = Release|Any CPU
		{E32013BE-CD7F-4A7F-9F5D-21A789D8F95B}.Release|iPhoneSimulator.ActiveCfg = Release|Any CPU
		{E32013BE-CD7F-4A7F-9F5D-21A789D8F95B}.Release|iPhoneSimulator.Build.0 = Release|Any CPU
		{E32013BE-CD7F-4A7F-9F5D-21A789D8F95B}.Release|x64.ActiveCfg = Release|Any CPU
		{E32013BE-CD7F-4A7F-9F5D-21A789D8F95B}.Release|x64.Build.0 = Release|Any CPU
		{E32013BE-CD7F-4A7F-9F5D-21A789D8F95B}.Release|x86.ActiveCfg = Release|Any CPU
		{E32013BE-CD7F-4A7F-9F5D-21A789D8F95B}.Release|x86.Build.0 = Release|Any CPU
		{9762C52A-D918-4B3E-806B-B0FB6E5B6350}.Debug|Any CPU.ActiveCfg = Debug|Any CPU
		{9762C52A-D918-4B3E-806B-B0FB6E5B6350}.Debug|Any CPU.Build.0 = Debug|Any CPU
		{9762C52A-D918-4B3E-806B-B0FB6E5B6350}.Debug|ARM.ActiveCfg = Debug|Any CPU
		{9762C52A-D918-4B3E-806B-B0FB6E5B6350}.Debug|ARM.Build.0 = Debug|Any CPU
		{9762C52A-D918-4B3E-806B-B0FB6E5B6350}.Debug|iPhone.ActiveCfg = Debug|Any CPU
		{9762C52A-D918-4B3E-806B-B0FB6E5B6350}.Debug|iPhone.Build.0 = Debug|Any CPU
		{9762C52A-D918-4B3E-806B-B0FB6E5B6350}.Debug|iPhoneSimulator.ActiveCfg = Debug|Any CPU
		{9762C52A-D918-4B3E-806B-B0FB6E5B6350}.Debug|iPhoneSimulator.Build.0 = Debug|Any CPU
		{9762C52A-D918-4B3E-806B-B0FB6E5B6350}.Debug|x64.ActiveCfg = Debug|Any CPU
		{9762C52A-D918-4B3E-806B-B0FB6E5B6350}.Debug|x64.Build.0 = Debug|Any CPU
		{9762C52A-D918-4B3E-806B-B0FB6E5B6350}.Debug|x86.ActiveCfg = Debug|Any CPU
		{9762C52A-D918-4B3E-806B-B0FB6E5B6350}.Debug|x86.Build.0 = Debug|Any CPU
		{9762C52A-D918-4B3E-806B-B0FB6E5B6350}.Release|Any CPU.ActiveCfg = Release|Any CPU
		{9762C52A-D918-4B3E-806B-B0FB6E5B6350}.Release|Any CPU.Build.0 = Release|Any CPU
		{9762C52A-D918-4B3E-806B-B0FB6E5B6350}.Release|ARM.ActiveCfg = Release|Any CPU
		{9762C52A-D918-4B3E-806B-B0FB6E5B6350}.Release|ARM.Build.0 = Release|Any CPU
		{9762C52A-D918-4B3E-806B-B0FB6E5B6350}.Release|iPhone.ActiveCfg = Release|Any CPU
		{9762C52A-D918-4B3E-806B-B0FB6E5B6350}.Release|iPhone.Build.0 = Release|Any CPU
		{9762C52A-D918-4B3E-806B-B0FB6E5B6350}.Release|iPhoneSimulator.ActiveCfg = Release|Any CPU
		{9762C52A-D918-4B3E-806B-B0FB6E5B6350}.Release|iPhoneSimulator.Build.0 = Release|Any CPU
		{9762C52A-D918-4B3E-806B-B0FB6E5B6350}.Release|x64.ActiveCfg = Release|Any CPU
		{9762C52A-D918-4B3E-806B-B0FB6E5B6350}.Release|x64.Build.0 = Release|Any CPU
		{9762C52A-D918-4B3E-806B-B0FB6E5B6350}.Release|x86.ActiveCfg = Release|Any CPU
		{9762C52A-D918-4B3E-806B-B0FB6E5B6350}.Release|x86.Build.0 = Release|Any CPU
		{B2A8DD38-DAC0-48E8-8DCB-CB953FBEBBBD}.Debug|Any CPU.ActiveCfg = Debug|Any CPU
		{B2A8DD38-DAC0-48E8-8DCB-CB953FBEBBBD}.Debug|Any CPU.Build.0 = Debug|Any CPU
		{B2A8DD38-DAC0-48E8-8DCB-CB953FBEBBBD}.Debug|Any CPU.Deploy.0 = Debug|Any CPU
		{B2A8DD38-DAC0-48E8-8DCB-CB953FBEBBBD}.Debug|ARM.ActiveCfg = Debug|Any CPU
		{B2A8DD38-DAC0-48E8-8DCB-CB953FBEBBBD}.Debug|ARM.Build.0 = Debug|Any CPU
		{B2A8DD38-DAC0-48E8-8DCB-CB953FBEBBBD}.Debug|ARM.Deploy.0 = Debug|Any CPU
		{B2A8DD38-DAC0-48E8-8DCB-CB953FBEBBBD}.Debug|iPhone.ActiveCfg = Debug|Any CPU
		{B2A8DD38-DAC0-48E8-8DCB-CB953FBEBBBD}.Debug|iPhone.Build.0 = Debug|Any CPU
		{B2A8DD38-DAC0-48E8-8DCB-CB953FBEBBBD}.Debug|iPhone.Deploy.0 = Debug|Any CPU
		{B2A8DD38-DAC0-48E8-8DCB-CB953FBEBBBD}.Debug|iPhoneSimulator.ActiveCfg = Debug|Any CPU
		{B2A8DD38-DAC0-48E8-8DCB-CB953FBEBBBD}.Debug|iPhoneSimulator.Build.0 = Debug|Any CPU
		{B2A8DD38-DAC0-48E8-8DCB-CB953FBEBBBD}.Debug|iPhoneSimulator.Deploy.0 = Debug|Any CPU
		{B2A8DD38-DAC0-48E8-8DCB-CB953FBEBBBD}.Debug|x64.ActiveCfg = Debug|Any CPU
		{B2A8DD38-DAC0-48E8-8DCB-CB953FBEBBBD}.Debug|x64.Build.0 = Debug|Any CPU
		{B2A8DD38-DAC0-48E8-8DCB-CB953FBEBBBD}.Debug|x64.Deploy.0 = Debug|Any CPU
		{B2A8DD38-DAC0-48E8-8DCB-CB953FBEBBBD}.Debug|x86.ActiveCfg = Debug|Any CPU
		{B2A8DD38-DAC0-48E8-8DCB-CB953FBEBBBD}.Debug|x86.Build.0 = Debug|Any CPU
		{B2A8DD38-DAC0-48E8-8DCB-CB953FBEBBBD}.Debug|x86.Deploy.0 = Debug|Any CPU
		{B2A8DD38-DAC0-48E8-8DCB-CB953FBEBBBD}.Release|Any CPU.ActiveCfg = Release|Any CPU
		{B2A8DD38-DAC0-48E8-8DCB-CB953FBEBBBD}.Release|Any CPU.Build.0 = Release|Any CPU
		{B2A8DD38-DAC0-48E8-8DCB-CB953FBEBBBD}.Release|Any CPU.Deploy.0 = Release|Any CPU
		{B2A8DD38-DAC0-48E8-8DCB-CB953FBEBBBD}.Release|ARM.ActiveCfg = Release|Any CPU
		{B2A8DD38-DAC0-48E8-8DCB-CB953FBEBBBD}.Release|ARM.Build.0 = Release|Any CPU
		{B2A8DD38-DAC0-48E8-8DCB-CB953FBEBBBD}.Release|ARM.Deploy.0 = Release|Any CPU
		{B2A8DD38-DAC0-48E8-8DCB-CB953FBEBBBD}.Release|iPhone.ActiveCfg = Release|Any CPU
		{B2A8DD38-DAC0-48E8-8DCB-CB953FBEBBBD}.Release|iPhone.Build.0 = Release|Any CPU
		{B2A8DD38-DAC0-48E8-8DCB-CB953FBEBBBD}.Release|iPhone.Deploy.0 = Release|Any CPU
		{B2A8DD38-DAC0-48E8-8DCB-CB953FBEBBBD}.Release|iPhoneSimulator.ActiveCfg = Release|Any CPU
		{B2A8DD38-DAC0-48E8-8DCB-CB953FBEBBBD}.Release|iPhoneSimulator.Build.0 = Release|Any CPU
		{B2A8DD38-DAC0-48E8-8DCB-CB953FBEBBBD}.Release|iPhoneSimulator.Deploy.0 = Release|Any CPU
		{B2A8DD38-DAC0-48E8-8DCB-CB953FBEBBBD}.Release|x64.ActiveCfg = Release|Any CPU
		{B2A8DD38-DAC0-48E8-8DCB-CB953FBEBBBD}.Release|x64.Build.0 = Release|Any CPU
		{B2A8DD38-DAC0-48E8-8DCB-CB953FBEBBBD}.Release|x64.Deploy.0 = Release|Any CPU
		{B2A8DD38-DAC0-48E8-8DCB-CB953FBEBBBD}.Release|x86.ActiveCfg = Release|Any CPU
		{B2A8DD38-DAC0-48E8-8DCB-CB953FBEBBBD}.Release|x86.Build.0 = Release|Any CPU
		{B2A8DD38-DAC0-48E8-8DCB-CB953FBEBBBD}.Release|x86.Deploy.0 = Release|Any CPU
		{FD67E7B5-AEE7-4858-8774-31F6C8CC6AA4}.Debug|Any CPU.ActiveCfg = Debug|iPhone
		{FD67E7B5-AEE7-4858-8774-31F6C8CC6AA4}.Debug|Any CPU.Build.0 = Debug|iPhone
		{FD67E7B5-AEE7-4858-8774-31F6C8CC6AA4}.Debug|ARM.ActiveCfg = Debug|iPhone
		{FD67E7B5-AEE7-4858-8774-31F6C8CC6AA4}.Debug|iPhone.ActiveCfg = Debug|iPhone
		{FD67E7B5-AEE7-4858-8774-31F6C8CC6AA4}.Debug|iPhone.Build.0 = Debug|iPhone
		{FD67E7B5-AEE7-4858-8774-31F6C8CC6AA4}.Debug|iPhone.Deploy.0 = Debug|iPhone
		{FD67E7B5-AEE7-4858-8774-31F6C8CC6AA4}.Debug|iPhoneSimulator.ActiveCfg = Debug|iPhoneSimulator
		{FD67E7B5-AEE7-4858-8774-31F6C8CC6AA4}.Debug|iPhoneSimulator.Build.0 = Debug|iPhoneSimulator
		{FD67E7B5-AEE7-4858-8774-31F6C8CC6AA4}.Debug|iPhoneSimulator.Deploy.0 = Debug|iPhoneSimulator
		{FD67E7B5-AEE7-4858-8774-31F6C8CC6AA4}.Debug|x64.ActiveCfg = Debug|iPhone
		{FD67E7B5-AEE7-4858-8774-31F6C8CC6AA4}.Debug|x86.ActiveCfg = Debug|iPhone
		{FD67E7B5-AEE7-4858-8774-31F6C8CC6AA4}.Release|Any CPU.ActiveCfg = Release|iPhone
		{FD67E7B5-AEE7-4858-8774-31F6C8CC6AA4}.Release|ARM.ActiveCfg = Release|iPhone
		{FD67E7B5-AEE7-4858-8774-31F6C8CC6AA4}.Release|iPhone.ActiveCfg = Release|iPhone
		{FD67E7B5-AEE7-4858-8774-31F6C8CC6AA4}.Release|iPhone.Build.0 = Release|iPhone
		{FD67E7B5-AEE7-4858-8774-31F6C8CC6AA4}.Release|iPhone.Deploy.0 = Release|iPhone
		{FD67E7B5-AEE7-4858-8774-31F6C8CC6AA4}.Release|iPhoneSimulator.ActiveCfg = Release|iPhoneSimulator
		{FD67E7B5-AEE7-4858-8774-31F6C8CC6AA4}.Release|iPhoneSimulator.Build.0 = Release|iPhoneSimulator
		{FD67E7B5-AEE7-4858-8774-31F6C8CC6AA4}.Release|iPhoneSimulator.Deploy.0 = Release|iPhoneSimulator
		{FD67E7B5-AEE7-4858-8774-31F6C8CC6AA4}.Release|x64.ActiveCfg = Release|iPhone
		{FD67E7B5-AEE7-4858-8774-31F6C8CC6AA4}.Release|x86.ActiveCfg = Release|iPhone
		{A9EF67FB-ECCF-48E8-9851-131567AA8914}.Debug|Any CPU.ActiveCfg = Debug|x86
		{A9EF67FB-ECCF-48E8-9851-131567AA8914}.Debug|ARM.ActiveCfg = Debug|ARM
		{A9EF67FB-ECCF-48E8-9851-131567AA8914}.Debug|ARM.Build.0 = Debug|ARM
		{A9EF67FB-ECCF-48E8-9851-131567AA8914}.Debug|ARM.Deploy.0 = Debug|ARM
		{A9EF67FB-ECCF-48E8-9851-131567AA8914}.Debug|iPhone.ActiveCfg = Debug|x86
		{A9EF67FB-ECCF-48E8-9851-131567AA8914}.Debug|iPhoneSimulator.ActiveCfg = Debug|x86
		{A9EF67FB-ECCF-48E8-9851-131567AA8914}.Debug|x64.ActiveCfg = Debug|x64
		{A9EF67FB-ECCF-48E8-9851-131567AA8914}.Debug|x64.Build.0 = Debug|x64
		{A9EF67FB-ECCF-48E8-9851-131567AA8914}.Debug|x64.Deploy.0 = Debug|x64
		{A9EF67FB-ECCF-48E8-9851-131567AA8914}.Debug|x86.ActiveCfg = Debug|x86
		{A9EF67FB-ECCF-48E8-9851-131567AA8914}.Debug|x86.Build.0 = Debug|x86
		{A9EF67FB-ECCF-48E8-9851-131567AA8914}.Debug|x86.Deploy.0 = Debug|x86
		{A9EF67FB-ECCF-48E8-9851-131567AA8914}.Release|Any CPU.ActiveCfg = Release|x86
		{A9EF67FB-ECCF-48E8-9851-131567AA8914}.Release|ARM.ActiveCfg = Release|ARM
		{A9EF67FB-ECCF-48E8-9851-131567AA8914}.Release|ARM.Build.0 = Release|ARM
		{A9EF67FB-ECCF-48E8-9851-131567AA8914}.Release|ARM.Deploy.0 = Release|ARM
		{A9EF67FB-ECCF-48E8-9851-131567AA8914}.Release|iPhone.ActiveCfg = Release|x86
		{A9EF67FB-ECCF-48E8-9851-131567AA8914}.Release|iPhoneSimulator.ActiveCfg = Release|x86
		{A9EF67FB-ECCF-48E8-9851-131567AA8914}.Release|x64.ActiveCfg = Release|x64
		{A9EF67FB-ECCF-48E8-9851-131567AA8914}.Release|x64.Build.0 = Release|x64
		{A9EF67FB-ECCF-48E8-9851-131567AA8914}.Release|x64.Deploy.0 = Release|x64
		{A9EF67FB-ECCF-48E8-9851-131567AA8914}.Release|x86.ActiveCfg = Release|x86
		{A9EF67FB-ECCF-48E8-9851-131567AA8914}.Release|x86.Build.0 = Release|x86
		{A9EF67FB-ECCF-48E8-9851-131567AA8914}.Release|x86.Deploy.0 = Release|x86
	EndGlobalSection
	GlobalSection(SolutionProperties) = preSolution
		HideSolutionNode = FALSE
	EndGlobalSection
	GlobalSection(NestedProjects) = preSolution
		{B2A8DD38-DAC0-48E8-8DCB-CB953FBEBBBD} = {D412148D-37AF-4CF5-96A1-BC0DC20E752B}
		{FD67E7B5-AEE7-4858-8774-31F6C8CC6AA4} = {947B960E-8A0B-4992-8C65-7319A8C855B4}
		{A9EF67FB-ECCF-48E8-9851-131567AA8914} = {B8D54D90-342B-48B0-AB0A-64A0DE11DE8E}
	EndGlobalSection
	GlobalSection(ExtensibilityGlobals) = postSolution
		SolutionGuid = {3369F20D-1A98-4497-B82C-CF1927BDFBDF}
	EndGlobalSection
EndGlobal
